
Microsoft Visual Studio Solution File, Format Version 12.00
# Visual Studio Version 16
VisualStudioVersion = 16.0.29230.47
MinimumVisualStudioVersion = 10.0.40219.1
Project("{FAE04EC0-301F-11D3-BF4B-00C04F79EFBC}") = "estudiartaller", "estudiartaller\estudiartaller.csproj", "{D384A86F-26E5-4CCD-9F1B-4A2F68CC5FCE}"
EndProject
Global
	GlobalSection(SolutionConfigurationPlatforms) = preSolution
		Debug|Any CPU = Debug|Any CPU
		Release|Any CPU = Release|Any CPU
	EndGlobalSection
	GlobalSection(ProjectConfigurationPlatforms) = postSolution
		{D384A86F-26E5-4CCD-9F1B-4A2F68CC5FCE}.Debug|Any CPU.ActiveCfg = Debug|Any CPU
		{D384A86F-26E5-4CCD-9F1B-4A2F68CC5FCE}.Debug|Any CPU.Build.0 = Debug|Any CPU
		{D384A86F-26E5-4CCD-9F1B-4A2F68CC5FCE}.Release|Any CPU.ActiveCfg = Release|Any CPU
		{D384A86F-26E5-4CCD-9F1B-4A2F68CC5FCE}.Release|Any CPU.Build.0 = Release|Any CPU
	EndGlobalSection
	GlobalSection(SolutionProperties) = preSolution
		HideSolutionNode = FALSE
	EndGlobalSection
	GlobalSection(ExtensibilityGlobals) = postSolution
		SolutionGuid = {59CCA400-6A5A-42DC-BF24-3560285ABDE9}
	EndGlobalSection
EndGlobal
